// !$*UTF8*$!
{
	archiveVersion = 1;
	classes = {
	};
	objectVersion = 46;
	objects = {

/* Begin PBXBuildFile section */
		EA1F2EBA168F7244009001EB /* MainViewController_iPad.xib in Resources */ = {isa = PBXBuildFile; fileRef = EA1F2EB6168F7244009001EB /* MainViewController_iPad.xib */; };
		EA1F2EBB168F7244009001EB /* MainViewController_iPhone.xib in Resources */ = {isa = PBXBuildFile; fileRef = EA1F2EB8168F7244009001EB /* MainViewController_iPhone.xib */; };
		EA1F2EC4168F7B3E009001EB /* 65C02.cpp in Sources */ = {isa = PBXBuildFile; fileRef = EA1F2EC1168F7B3E009001EB /* 65C02.cpp */; };
		EA1F2EC5168F7B3E009001EB /* 65C02CPU.c in Sources */ = {isa = PBXBuildFile; fileRef = EA1F2EC3168F7B3E009001EB /* 65C02CPU.c */; };
		EA1F2EC7168F7D5C009001EB /* CoreText.framework in Frameworks */ = {isa = PBXBuildFile; fileRef = EA1F2EC6168F7D5C009001EB /* CoreText.framework */; };
		EA1F2EC9168F7D65009001EB /* QuartzCore.framework in Frameworks */ = {isa = PBXBuildFile; fileRef = EA1F2EC8168F7D65009001EB /* QuartzCore.framework */; };
		EA1F2ECB168F7D90009001EB /* libbz2.dylib in Frameworks */ = {isa = PBXBuildFile; fileRef = EA1F2ECA168F7D90009001EB /* libbz2.dylib */; };
		EA1F2ECD168F7D9D009001EB /* libz.dylib in Frameworks */ = {isa = PBXBuildFile; fileRef = EA1F2ECC168F7D9D009001EB /* libz.dylib */; };
		EA1F2ED0168F7DEE009001EB /* libQtCore_debug.a in Frameworks */ = {isa = PBXBuildFile; fileRef = EA1F2ECE168F7DEE009001EB /* libQtCore_debug.a */; };
		EA1F2ED1168F7DEE009001EB /* libQtGui_debug.a in Frameworks */ = {isa = PBXBuildFile; fileRef = EA1F2ECF168F7DEE009001EB /* libQtGui_debug.a */; };
		EA1F2ED3168F7E28009001EB /* libquikitlite_debug.a in Frameworks */ = {isa = PBXBuildFile; fileRef = EA1F2ED2168F7E28009001EB /* libquikitlite_debug.a */; };
		EA1F2ED6168F7E56009001EB /* libQtCore.a in Frameworks */ = {isa = PBXBuildFile; fileRef = EA1F2ED4168F7E56009001EB /* libQtCore.a */; };
		EA1F2ED7168F7E56009001EB /* libQtGui.a in Frameworks */ = {isa = PBXBuildFile; fileRef = EA1F2ED5168F7E56009001EB /* libQtGui.a */; };
		EA1F2ED9168F7E70009001EB /* libquikitlite.a in Frameworks */ = {isa = PBXBuildFile; fileRef = EA1F2ED8168F7E70009001EB /* libquikitlite.a */; };
		EA1F2EE6168F890C009001EB /* AddonFuncUnt.cpp in Sources */ = {isa = PBXBuildFile; fileRef = EA1F2EE5168F890C009001EB /* AddonFuncUnt.cpp */; };
		EA662C9A16926A4A00152B91 /* w65c02cpu.cpp in Sources */ = {isa = PBXBuildFile; fileRef = EA662C9716926A4900152B91 /* w65c02cpu.cpp */; };
		EA662C9B16926A4A00152B91 /* w65c02op.cpp in Sources */ = {isa = PBXBuildFile; fileRef = EA662C9916926A4A00152B91 /* w65c02op.cpp */; };
		EA77DB7C168F7194006B1C35 /* UIKit.framework in Frameworks */ = {isa = PBXBuildFile; fileRef = EA77DB7B168F7194006B1C35 /* UIKit.framework */; };
		EA77DB7E168F7194006B1C35 /* Foundation.framework in Frameworks */ = {isa = PBXBuildFile; fileRef = EA77DB7D168F7194006B1C35 /* Foundation.framework */; };
		EA77DB80168F7194006B1C35 /* CoreGraphics.framework in Frameworks */ = {isa = PBXBuildFile; fileRef = EA77DB7F168F7194006B1C35 /* CoreGraphics.framework */; };
		EA77DB86168F7194006B1C35 /* InfoPlist.strings in Resources */ = {isa = PBXBuildFile; fileRef = EA77DB84168F7194006B1C35 /* InfoPlist.strings */; };
		EA77DB88168F7194006B1C35 /* main.mm in Sources */ = {isa = PBXBuildFile; fileRef = EA77DB87168F7194006B1C35 /* main.mm */; };
		EA77DB8C168F7194006B1C35 /* AppDelegate.mm in Sources */ = {isa = PBXBuildFile; fileRef = EA77DB8B168F7194006B1C35 /* AppDelegate.mm */; };
		EA77DB8F168F7194006B1C35 /* MainViewController.mm in Sources */ = {isa = PBXBuildFile; fileRef = EA77DB8E168F7194006B1C35 /* MainViewController.mm */; };
		EA77DB9D168F7194006B1C35 /* SenTestingKit.framework in Frameworks */ = {isa = PBXBuildFile; fileRef = EA77DB9C168F7194006B1C35 /* SenTestingKit.framework */; };
		EA77DB9E168F7194006B1C35 /* UIKit.framework in Frameworks */ = {isa = PBXBuildFile; fileRef = EA77DB7B168F7194006B1C35 /* UIKit.framework */; };
		EA77DB9F168F7194006B1C35 /* Foundation.framework in Frameworks */ = {isa = PBXBuildFile; fileRef = EA77DB7D168F7194006B1C35 /* Foundation.framework */; };
		EA77DBA7168F7194006B1C35 /* InfoPlist.strings in Resources */ = {isa = PBXBuildFile; fileRef = EA77DBA5168F7194006B1C35 /* InfoPlist.strings */; };
		EA77DBAA168F7194006B1C35 /* Sim800Tests.m in Sources */ = {isa = PBXBuildFile; fileRef = EA77DBA9168F7194006B1C35 /* Sim800Tests.m */; };
		EA95FAC1168F9610002AB5EA /* NekoDriverMem.cpp in Sources */ = {isa = PBXBuildFile; fileRef = EA95FAC0168F9610002AB5EA /* NekoDriverMem.cpp */; };
		EA95FAC4168F9951002AB5EA /* MainViewBridge.mm in Sources */ = {isa = PBXBuildFile; fileRef = EA95FAC3168F9951002AB5EA /* MainViewBridge.mm */; };
		EA95FAC7168FA3E5002AB5EA /* KeyItem.cpp in Sources */ = {isa = PBXBuildFile; fileRef = EA95FAC5168FA3E4002AB5EA /* KeyItem.cpp */; };
		EA95FAC9168FAC7E002AB5EA /* DbCentre.cpp in Sources */ = {isa = PBXBuildFile; fileRef = EA95FAC8168FAC7E002AB5EA /* DbCentre.cpp */; };
		EA95FACD168FACF6002AB5EA /* NekoDriver.cpp in Sources */ = {isa = PBXBuildFile; fileRef = EA95FACA168FACF6002AB5EA /* NekoDriver.cpp */; };
		EA95FACE168FACF6002AB5EA /* NekoDriverDebug.cpp in Sources */ = {isa = PBXBuildFile; fileRef = EA95FACB168FACF6002AB5EA /* NekoDriverDebug.cpp */; };
		EA95FACF168FACF6002AB5EA /* NekoDriverIO.cpp in Sources */ = {isa = PBXBuildFile; fileRef = EA95FACC168FACF6002AB5EA /* NekoDriverIO.cpp */; };
		EA95FAD2168FB1E8002AB5EA /* moc_NekoDriver.cpp in Sources */ = {isa = PBXBuildFile; fileRef = EA95FAD1168FB1E8002AB5EA /* moc_NekoDriver.cpp */; };
		EA95FAD4168FB22C002AB5EA /* moc_MainViewBridge.cpp in Sources */ = {isa = PBXBuildFile; fileRef = EA95FAD3168FB22C002AB5EA /* moc_MainViewBridge.cpp */; };
		EA95FAD6168FB236002AB5EA /* qrc_Sim800.cpp in Sources */ = {isa = PBXBuildFile; fileRef = EA95FAD5168FB236002AB5EA /* qrc_Sim800.cpp */; };
		EA95FAE1168FB6AD002AB5EA /* Icon-72.png in Resources */ = {isa = PBXBuildFile; fileRef = EA95FAD8168FB6AD002AB5EA /* Icon-72.png */; };
		EA95FAE2168FB6AD002AB5EA /* Icon-72@2x.png in Resources */ = {isa = PBXBuildFile; fileRef = EA95FAD9168FB6AD002AB5EA /* Icon-72@2x.png */; };
		EA95FAE3168FB6AD002AB5EA /* Icon-Small-50.png in Resources */ = {isa = PBXBuildFile; fileRef = EA95FADA168FB6AD002AB5EA /* Icon-Small-50.png */; };
		EA95FAE4168FB6AD002AB5EA /* Icon-Small-50@2x.png in Resources */ = {isa = PBXBuildFile; fileRef = EA95FADB168FB6AD002AB5EA /* Icon-Small-50@2x.png */; };
		EA95FAE5168FB6AD002AB5EA /* Icon-Small.png in Resources */ = {isa = PBXBuildFile; fileRef = EA95FADC168FB6AD002AB5EA /* Icon-Small.png */; };
		EA95FAE6168FB6AD002AB5EA /* Icon-Small@2x.png in Resources */ = {isa = PBXBuildFile; fileRef = EA95FADD168FB6AD002AB5EA /* Icon-Small@2x.png */; };
		EA95FAE7168FB6AD002AB5EA /* Icon.png in Resources */ = {isa = PBXBuildFile; fileRef = EA95FADE168FB6AD002AB5EA /* Icon.png */; };
		EA95FAE8168FB6AD002AB5EA /* Icon@2x.png in Resources */ = {isa = PBXBuildFile; fileRef = EA95FADF168FB6AD002AB5EA /* Icon@2x.png */; };
		EA95FAE9168FB6AD002AB5EA /* iTunesArtwork in Resources */ = {isa = PBXBuildFile; fileRef = EA95FAE0168FB6AD002AB5EA /* iTunesArtwork */; };
		EA95FAEE168FB7D9002AB5EA /* cc800.fls in Resources */ = {isa = PBXBuildFile; fileRef = EA95FAEB168FB7D9002AB5EA /* cc800.fls */; };
		EA95FAEF168FB7D9002AB5EA /* ConfMachine.ini in Resources */ = {isa = PBXBuildFile; fileRef = EA95FAEC168FB7D9002AB5EA /* ConfMachine.ini */; };
		EA95FAF0168FB7D9002AB5EA /* obj.bin in Resources */ = {isa = PBXBuildFile; fileRef = EA95FAED168FB7D9002AB5EA /* obj.bin */; };
		EA95FAF3168FBBEE002AB5EA /* Apollo-nagato-avatar-15-3.jpg in Resources */ = {isa = PBXBuildFile; fileRef = EA95FAF2168FBBEE002AB5EA /* Apollo-nagato-avatar-15-3.jpg */; };
		EA95FAF9168FCFAE002AB5EA /* AddonFuncUntObjc.mm in Sources */ = {isa = PBXBuildFile; fileRef = EA95FAF8168FCFAE002AB5EA /* AddonFuncUntObjc.mm */; };
/* End PBXBuildFile section */

/* Begin PBXContainerItemProxy section */
		EA77DBA0168F7194006B1C35 /* PBXContainerItemProxy */ = {
			isa = PBXContainerItemProxy;
			containerPortal = EA77DB6E168F7194006B1C35 /* Project object */;
			proxyType = 1;
			remoteGlobalIDString = EA77DB76168F7194006B1C35;
			remoteInfo = Sim800;
		};
/* End PBXContainerItemProxy section */

/* Begin PBXFileReference section */
		EA1F2EB7168F7244009001EB /* en */ = {isa = PBXFileReference; lastKnownFileType = file.xib; name = en; path = en.lproj/MainViewController_iPad.xib; sourceTree = "<group>"; };
		EA1F2EB9168F7244009001EB /* en */ = {isa = PBXFileReference; lastKnownFileType = file.xib; name = en; path = en.lproj/MainViewController_iPhone.xib; sourceTree = "<group>"; };
		EA1F2EC1168F7B3E009001EB /* 65C02.cpp */ = {isa = PBXFileReference; fileEncoding = 4; lastKnownFileType = sourcecode.cpp.cpp; name = 65C02.cpp; path = ANSI/65C02.cpp; sourceTree = "<group>"; };
		EA1F2EC2168F7B3E009001EB /* 65C02.h */ = {isa = PBXFileReference; fileEncoding = 4; lastKnownFileType = sourcecode.c.h; name = 65C02.h; path = ANSI/65C02.h; sourceTree = "<group>"; };
		EA1F2EC3168F7B3E009001EB /* 65C02CPU.c */ = {isa = PBXFileReference; fileEncoding = 4; lastKnownFileType = sourcecode.c.c; name = 65C02CPU.c; path = ANSI/65C02CPU.c; sourceTree = "<group>"; };
		EA1F2EC6168F7D5C009001EB /* CoreText.framework */ = {isa = PBXFileReference; lastKnownFileType = wrapper.framework; name = CoreText.framework; path = System/Library/Frameworks/CoreText.framework; sourceTree = SDKROOT; };
		EA1F2EC8168F7D65009001EB /* QuartzCore.framework */ = {isa = PBXFileReference; lastKnownFileType = wrapper.framework; name = QuartzCore.framework; path = System/Library/Frameworks/QuartzCore.framework; sourceTree = SDKROOT; };
		EA1F2ECA168F7D90009001EB /* libbz2.dylib */ = {isa = PBXFileReference; lastKnownFileType = "compiled.mach-o.dylib"; name = libbz2.dylib; path = usr/lib/libbz2.dylib; sourceTree = SDKROOT; };
		EA1F2ECC168F7D9D009001EB /* libz.dylib */ = {isa = PBXFileReference; lastKnownFileType = "compiled.mach-o.dylib"; name = libz.dylib; path = usr/lib/libz.dylib; sourceTree = SDKROOT; };
		EA1F2ECE168F7DEE009001EB /* libQtCore_debug.a */ = {isa = PBXFileReference; lastKnownFileType = archive.ar; name = libQtCore_debug.a; path = "../../CompileFarm/qt/qt-ios-sim-4.8.1-clang-static/lib/libQtCore_debug.a"; sourceTree = "<group>"; };
		EA1F2ECF168F7DEE009001EB /* libQtGui_debug.a */ = {isa = PBXFileReference; lastKnownFileType = archive.ar; name = libQtGui_debug.a; path = "../../CompileFarm/qt/qt-ios-sim-4.8.1-clang-static/lib/libQtGui_debug.a"; sourceTree = "<group>"; };
		EA1F2ED2168F7E28009001EB /* libquikitlite_debug.a */ = {isa = PBXFileReference; lastKnownFileType = archive.ar; name = libquikitlite_debug.a; path = "../../CompileFarm/qt/qt-ios-sim-4.8.1-clang-static/plugins/platforms/libquikitlite_debug.a"; sourceTree = "<group>"; };
		EA1F2ED4168F7E56009001EB /* libQtCore.a */ = {isa = PBXFileReference; lastKnownFileType = archive.ar; name = libQtCore.a; path = "../../CompileFarm/qt/qt-ios-4.8.1-clang-static/lib/libQtCore.a"; sourceTree = "<group>"; };
		EA1F2ED5168F7E56009001EB /* libQtGui.a */ = {isa = PBXFileReference; lastKnownFileType = archive.ar; name = libQtGui.a; path = "../../CompileFarm/qt/qt-ios-4.8.1-clang-static/lib/libQtGui.a"; sourceTree = "<group>"; };
		EA1F2ED8168F7E70009001EB /* libquikitlite.a */ = {isa = PBXFileReference; lastKnownFileType = archive.ar; name = libquikitlite.a; path = "../../CompileFarm/qt/qt-ios-4.8.1-clang-static/plugins/platforms/libquikitlite.a"; sourceTree = "<group>"; };
		EA1F2EDA168F8469009001EB /* wintypes.h */ = {isa = PBXFileReference; lastKnownFileType = sourcecode.c.h; path = wintypes.h; sourceTree = "<group>"; };
		EA1F2EDE168F88F4009001EB /* AddonFuncUnt.h */ = {isa = PBXFileReference; fileEncoding = 4; lastKnownFileType = sourcecode.c.h; path = AddonFuncUnt.h; sourceTree = "<group>"; };
		EA1F2EDF168F88F4009001EB /* CC800IOName.h */ = {isa = PBXFileReference; fileEncoding = 4; lastKnownFileType = sourcecode.c.h; path = CC800IOName.h; sourceTree = "<group>"; };
		EA1F2EE1168F88F4009001EB /* DbCentre.h */ = {isa = PBXFileReference; fileEncoding = 4; lastKnownFileType = sourcecode.c.h; path = DbCentre.h; sourceTree = "<group>"; };
		EA1F2EE2168F88F4009001EB /* DirtyDefination.h */ = {isa = PBXFileReference; fileEncoding = 4; lastKnownFileType = sourcecode.c.h; path = DirtyDefination.h; sourceTree = "<group>"; };
		EA1F2EE3168F88F4009001EB /* MyZoomWidget.h */ = {isa = PBXFileReference; fileEncoding = 4; lastKnownFileType = sourcecode.c.h; path = MyZoomWidget.h; sourceTree = "<group>"; };
		EA1F2EE4168F88F4009001EB /* NekoDriver.h */ = {isa = PBXFileReference; fileEncoding = 4; lastKnownFileType = sourcecode.c.h; path = NekoDriver.h; sourceTree = "<group>"; };
		EA1F2EE5168F890C009001EB /* AddonFuncUnt.cpp */ = {isa = PBXFileReference; fileEncoding = 4; lastKnownFileType = sourcecode.cpp.cpp; path = AddonFuncUnt.cpp; sourceTree = "<group>"; };
		EA662C9616926A4900152B91 /* w65c02.h */ = {isa = PBXFileReference; fileEncoding = 4; lastKnownFileType = sourcecode.c.h; name = w65c02.h; path = ANSI/w65c02.h; sourceTree = "<group>"; };
		EA662C9716926A4900152B91 /* w65c02cpu.cpp */ = {isa = PBXFileReference; fileEncoding = 4; lastKnownFileType = sourcecode.cpp.cpp; name = w65c02cpu.cpp; path = ANSI/w65c02cpu.cpp; sourceTree = "<group>"; };
		EA662C9816926A4900152B91 /* w65c02macro.h */ = {isa = PBXFileReference; fileEncoding = 4; lastKnownFileType = sourcecode.c.h; name = w65c02macro.h; path = ANSI/w65c02macro.h; sourceTree = "<group>"; };
		EA662C9916926A4A00152B91 /* w65c02op.cpp */ = {isa = PBXFileReference; fileEncoding = 4; lastKnownFileType = sourcecode.cpp.cpp; name = w65c02op.cpp; path = ANSI/w65c02op.cpp; sourceTree = "<group>"; };
		EA77DB77168F7194006B1C35 /* Sim800.app */ = {isa = PBXFileReference; explicitFileType = wrapper.application; includeInIndex = 0; path = Sim800.app; sourceTree = BUILT_PRODUCTS_DIR; };
		EA77DB7B168F7194006B1C35 /* UIKit.framework */ = {isa = PBXFileReference; lastKnownFileType = wrapper.framework; name = UIKit.framework; path = System/Library/Frameworks/UIKit.framework; sourceTree = SDKROOT; };
		EA77DB7D168F7194006B1C35 /* Foundation.framework */ = {isa = PBXFileReference; lastKnownFileType = wrapper.framework; name = Foundation.framework; path = System/Library/Frameworks/Foundation.framework; sourceTree = SDKROOT; };
		EA77DB7F168F7194006B1C35 /* CoreGraphics.framework */ = {isa = PBXFileReference; lastKnownFileType = wrapper.framework; name = CoreGraphics.framework; path = System/Library/Frameworks/CoreGraphics.framework; sourceTree = SDKROOT; };
		EA77DB83168F7194006B1C35 /* Sim800-Info.plist */ = {isa = PBXFileReference; lastKnownFileType = text.plist.xml; path = "Sim800-Info.plist"; sourceTree = "<group>"; };
		EA77DB85168F7194006B1C35 /* en */ = {isa = PBXFileReference; lastKnownFileType = text.plist.strings; name = en; path = en.lproj/InfoPlist.strings; sourceTree = "<group>"; };
		EA77DB87168F7194006B1C35 /* main.mm */ = {isa = PBXFileReference; lastKnownFileType = sourcecode.cpp.objcpp; path = main.mm; sourceTree = "<group>"; };
		EA77DB89168F7194006B1C35 /* Sim800-Prefix.pch */ = {isa = PBXFileReference; lastKnownFileType = sourcecode.c.h; path = "Sim800-Prefix.pch"; sourceTree = "<group>"; };
		EA77DB8A168F7194006B1C35 /* AppDelegate.h */ = {isa = PBXFileReference; lastKnownFileType = sourcecode.c.h; path = AppDelegate.h; sourceTree = "<group>"; };
		EA77DB8B168F7194006B1C35 /* AppDelegate.mm */ = {isa = PBXFileReference; lastKnownFileType = sourcecode.cpp.objcpp; path = AppDelegate.mm; sourceTree = "<group>"; };
		EA77DB8D168F7194006B1C35 /* MainViewController.h */ = {isa = PBXFileReference; lastKnownFileType = sourcecode.c.h; path = MainViewController.h; sourceTree = "<group>"; };
		EA77DB8E168F7194006B1C35 /* MainViewController.mm */ = {isa = PBXFileReference; lastKnownFileType = sourcecode.cpp.objcpp; path = MainViewController.mm; sourceTree = "<group>"; };
		EA77DB9B168F7194006B1C35 /* Sim800Tests.octest */ = {isa = PBXFileReference; explicitFileType = wrapper.cfbundle; includeInIndex = 0; path = Sim800Tests.octest; sourceTree = BUILT_PRODUCTS_DIR; };
		EA77DB9C168F7194006B1C35 /* SenTestingKit.framework */ = {isa = PBXFileReference; lastKnownFileType = wrapper.framework; name = SenTestingKit.framework; path = Library/Frameworks/SenTestingKit.framework; sourceTree = DEVELOPER_DIR; };
		EA77DBA4168F7194006B1C35 /* Sim800Tests-Info.plist */ = {isa = PBXFileReference; lastKnownFileType = text.plist.xml; path = "Sim800Tests-Info.plist"; sourceTree = "<group>"; };
		EA77DBA6168F7194006B1C35 /* en */ = {isa = PBXFileReference; lastKnownFileType = text.plist.strings; name = en; path = en.lproj/InfoPlist.strings; sourceTree = "<group>"; };
		EA77DBA8168F7194006B1C35 /* Sim800Tests.h */ = {isa = PBXFileReference; lastKnownFileType = sourcecode.c.h; path = Sim800Tests.h; sourceTree = "<group>"; };
		EA77DBA9168F7194006B1C35 /* Sim800Tests.m */ = {isa = PBXFileReference; lastKnownFileType = sourcecode.c.objc; path = Sim800Tests.m; sourceTree = "<group>"; };
		EA95FAC0168F9610002AB5EA /* NekoDriverMem.cpp */ = {isa = PBXFileReference; fileEncoding = 4; lastKnownFileType = sourcecode.cpp.cpp; path = NekoDriverMem.cpp; sourceTree = "<group>"; };
		EA95FAC2168F992B002AB5EA /* MainViewBridge.h */ = {isa = PBXFileReference; lastKnownFileType = sourcecode.c.h; path = MainViewBridge.h; sourceTree = "<group>"; };
		EA95FAC3168F9951002AB5EA /* MainViewBridge.mm */ = {isa = PBXFileReference; fileEncoding = 4; lastKnownFileType = sourcecode.cpp.objcpp; path = MainViewBridge.mm; sourceTree = "<group>"; };
		EA95FAC5168FA3E4002AB5EA /* KeyItem.cpp */ = {isa = PBXFileReference; fileEncoding = 4; lastKnownFileType = sourcecode.cpp.cpp; path = KeyItem.cpp; sourceTree = "<group>"; };
		EA95FAC6168FA3E4002AB5EA /* KeyItem.h */ = {isa = PBXFileReference; fileEncoding = 4; lastKnownFileType = sourcecode.c.h; path = KeyItem.h; sourceTree = "<group>"; };
		EA95FAC8168FAC7E002AB5EA /* DbCentre.cpp */ = {isa = PBXFileReference; fileEncoding = 4; lastKnownFileType = sourcecode.cpp.cpp; path = DbCentre.cpp; sourceTree = "<group>"; };
		EA95FACA168FACF6002AB5EA /* NekoDriver.cpp */ = {isa = PBXFileReference; fileEncoding = 4; lastKnownFileType = sourcecode.cpp.cpp; path = NekoDriver.cpp; sourceTree = "<group>"; };
		EA95FACB168FACF6002AB5EA /* NekoDriverDebug.cpp */ = {isa = PBXFileReference; fileEncoding = 4; lastKnownFileType = sourcecode.cpp.cpp; path = NekoDriverDebug.cpp; sourceTree = "<group>"; };
		EA95FACC168FACF6002AB5EA /* NekoDriverIO.cpp */ = {isa = PBXFileReference; fileEncoding = 4; lastKnownFileType = sourcecode.cpp.cpp; path = NekoDriverIO.cpp; sourceTree = "<group>"; };
		EA95FAD1168FB1E8002AB5EA /* moc_NekoDriver.cpp */ = {isa = PBXFileReference; fileEncoding = 4; lastKnownFileType = sourcecode.cpp.cpp; name = moc_NekoDriver.cpp; path = tmp/Debug/moc_NekoDriver.cpp; sourceTree = "<group>"; };
		EA95FAD3168FB22C002AB5EA /* moc_MainViewBridge.cpp */ = {isa = PBXFileReference; fileEncoding = 4; lastKnownFileType = sourcecode.cpp.cpp; name = moc_MainViewBridge.cpp; path = tmp/Debug/moc_MainViewBridge.cpp; sourceTree = "<group>"; };
		EA95FAD5168FB236002AB5EA /* qrc_Sim800.cpp */ = {isa = PBXFileReference; fileEncoding = 4; lastKnownFileType = sourcecode.cpp.cpp; name = qrc_Sim800.cpp; path = tmp/qrc_Sim800.cpp; sourceTree = "<group>"; };
		EA95FAD8168FB6AD002AB5EA /* Icon-72.png */ = {isa = PBXFileReference; lastKnownFileType = image.png; name = "Icon-72.png"; path = "Resources/Icon-72.png"; sourceTree = "<group>"; };
		EA95FAD9168FB6AD002AB5EA /* Icon-72@2x.png */ = {isa = PBXFileReference; lastKnownFileType = image.png; name = "Icon-72@2x.png"; path = "Resources/Icon-72@2x.png"; sourceTree = "<group>"; };
		EA95FADA168FB6AD002AB5EA /* Icon-Small-50.png */ = {isa = PBXFileReference; lastKnownFileType = image.png; name = "Icon-Small-50.png"; path = "Resources/Icon-Small-50.png"; sourceTree = "<group>"; };
		EA95FADB168FB6AD002AB5EA /* Icon-Small-50@2x.png */ = {isa = PBXFileReference; lastKnownFileType = image.png; name = "Icon-Small-50@2x.png"; path = "Resources/Icon-Small-50@2x.png"; sourceTree = "<group>"; };
		EA95FADC168FB6AD002AB5EA /* Icon-Small.png */ = {isa = PBXFileReference; lastKnownFileType = image.png; name = "Icon-Small.png"; path = "Resources/Icon-Small.png"; sourceTree = "<group>"; };
		EA95FADD168FB6AD002AB5EA /* Icon-Small@2x.png */ = {isa = PBXFileReference; lastKnownFileType = image.png; name = "Icon-Small@2x.png"; path = "Resources/Icon-Small@2x.png"; sourceTree = "<group>"; };
		EA95FADE168FB6AD002AB5EA /* Icon.png */ = {isa = PBXFileReference; lastKnownFileType = image.png; name = Icon.png; path = Resources/Icon.png; sourceTree = "<group>"; };
		EA95FADF168FB6AD002AB5EA /* Icon@2x.png */ = {isa = PBXFileReference; lastKnownFileType = image.png; name = "Icon@2x.png"; path = "Resources/Icon@2x.png"; sourceTree = "<group>"; };
		EA95FAE0168FB6AD002AB5EA /* iTunesArtwork */ = {isa = PBXFileReference; lastKnownFileType = file; name = iTunesArtwork; path = Resources/iTunesArtwork; sourceTree = "<group>"; };
		EA95FAEB168FB7D9002AB5EA /* cc800.fls */ = {isa = PBXFileReference; fileEncoding = 4; lastKnownFileType = text; name = cc800.fls; path = Resources/ROMs/cc800.fls; sourceTree = "<group>"; };
		EA95FAEC168FB7D9002AB5EA /* ConfMachine.ini */ = {isa = PBXFileReference; fileEncoding = 4; lastKnownFileType = text; name = ConfMachine.ini; path = Resources/ROMs/ConfMachine.ini; sourceTree = "<group>"; };
		EA95FAED168FB7D9002AB5EA /* obj.bin */ = {isa = PBXFileReference; lastKnownFileType = archive.macbinary; name = obj.bin; path = Resources/ROMs/obj.bin; sourceTree = "<group>"; };
		EA95FAF2168FBBEE002AB5EA /* Apollo-nagato-avatar-15-3.jpg */ = {isa = PBXFileReference; lastKnownFileType = image.jpeg; name = "Apollo-nagato-avatar-15-3.jpg"; path = "Resources/Images/Apollo-nagato-avatar-15-3.jpg"; sourceTree = "<group>"; };
		EA95FAF7168FCFAE002AB5EA /* AddonFuncUntObjc.h */ = {isa = PBXFileReference; fileEncoding = 4; lastKnownFileType = sourcecode.c.h; path = AddonFuncUntObjc.h; sourceTree = "<group>"; };
		EA95FAF8168FCFAE002AB5EA /* AddonFuncUntObjc.mm */ = {isa = PBXFileReference; fileEncoding = 4; lastKnownFileType = sourcecode.cpp.objcpp; path = AddonFuncUntObjc.mm; sourceTree = "<group>"; };
/* End PBXFileReference section */

/* Begin PBXFrameworksBuildPhase section */
		EA77DB74168F7194006B1C35 /* Frameworks */ = {
			isa = PBXFrameworksBuildPhase;
			buildActionMask = 2147483647;
			files = (
				EA77DB7C168F7194006B1C35 /* UIKit.framework in Frameworks */,
				EA77DB7E168F7194006B1C35 /* Foundation.framework in Frameworks */,
				EA77DB80168F7194006B1C35 /* CoreGraphics.framework in Frameworks */,
				EA1F2EC7168F7D5C009001EB /* CoreText.framework in Frameworks */,
				EA1F2EC9168F7D65009001EB /* QuartzCore.framework in Frameworks */,
				EA1F2ECB168F7D90009001EB /* libbz2.dylib in Frameworks */,
				EA1F2ECD168F7D9D009001EB /* libz.dylib in Frameworks */,
				EA1F2ED0168F7DEE009001EB /* libQtCore_debug.a in Frameworks */,
				EA1F2ED1168F7DEE009001EB /* libQtGui_debug.a in Frameworks */,
				EA1F2ED3168F7E28009001EB /* libquikitlite_debug.a in Frameworks */,
				EA1F2ED6168F7E56009001EB /* libQtCore.a in Frameworks */,
				EA1F2ED7168F7E56009001EB /* libQtGui.a in Frameworks */,
				EA1F2ED9168F7E70009001EB /* libquikitlite.a in Frameworks */,
			);
			runOnlyForDeploymentPostprocessing = 0;
		};
		EA77DB97168F7194006B1C35 /* Frameworks */ = {
			isa = PBXFrameworksBuildPhase;
			buildActionMask = 2147483647;
			files = (
				EA77DB9D168F7194006B1C35 /* SenTestingKit.framework in Frameworks */,
				EA77DB9E168F7194006B1C35 /* UIKit.framework in Frameworks */,
				EA77DB9F168F7194006B1C35 /* Foundation.framework in Frameworks */,
			);
			runOnlyForDeploymentPostprocessing = 0;
		};
/* End PBXFrameworksBuildPhase section */

/* Begin PBXGroup section */
		EA1F2EBD168F7269009001EB /* UI Files */ = {
			isa = PBXGroup;
			children = (
				EA95FAC5168FA3E4002AB5EA /* KeyItem.cpp */,
				EA95FAC6168FA3E4002AB5EA /* KeyItem.h */,
				EA77DB8D168F7194006B1C35 /* MainViewController.h */,
				EA77DB8E168F7194006B1C35 /* MainViewController.mm */,
				EA95FAC2168F992B002AB5EA /* MainViewBridge.h */,
				EA95FAC3168F9951002AB5EA /* MainViewBridge.mm */,
			);
			name = "UI Files";
			sourceTree = "<group>";
		};
		EA1F2EBE168F7294009001EB /* Other Sources */ = {
			isa = PBXGroup;
			children = (
				EA77DB8A168F7194006B1C35 /* AppDelegate.h */,
				EA77DB8B168F7194006B1C35 /* AppDelegate.mm */,
			);
			name = "Other Sources";
			sourceTree = "<group>";
		};
		EA1F2EBF168F7B29009001EB /* Visual Studio */ = {
			isa = PBXGroup;
			children = (
				EA1F2EDA168F8469009001EB /* wintypes.h */,
				EA1F2EC0168F7B32009001EB /* ANSI */,
				EA1F2EDB168F87D2009001EB /* Generated Files */,
				EA1F2EDC168F87DC009001EB /* Header Files */,
				EA1F2EDD168F87E4009001EB /* Source Files */,
			);
			name = "Visual Studio";
			sourceTree = "<group>";
		};
		EA1F2EC0168F7B32009001EB /* ANSI */ = {
			isa = PBXGroup;
			children = (
				EA662C9616926A4900152B91 /* w65c02.h */,
				EA662C9716926A4900152B91 /* w65c02cpu.cpp */,
				EA662C9816926A4900152B91 /* w65c02macro.h */,
				EA662C9916926A4A00152B91 /* w65c02op.cpp */,
				EA1F2EC1168F7B3E009001EB /* 65C02.cpp */,
				EA1F2EC2168F7B3E009001EB /* 65C02.h */,
				EA1F2EC3168F7B3E009001EB /* 65C02CPU.c */,
			);
			name = ANSI;
			sourceTree = "<group>";
		};
		EA1F2EDB168F87D2009001EB /* Generated Files */ = {
			isa = PBXGroup;
			children = (
				EA95FAD5168FB236002AB5EA /* qrc_Sim800.cpp */,
				EA95FAD0168FB145002AB5EA /* Debug */,
			);
			name = "Generated Files";
			sourceTree = "<group>";
		};
		EA1F2EDC168F87DC009001EB /* Header Files */ = {
			isa = PBXGroup;
			children = (
				EA95FAF7168FCFAE002AB5EA /* AddonFuncUntObjc.h */,
				EA1F2EDE168F88F4009001EB /* AddonFuncUnt.h */,
				EA1F2EDF168F88F4009001EB /* CC800IOName.h */,
				EA1F2EE1168F88F4009001EB /* DbCentre.h */,
				EA1F2EE2168F88F4009001EB /* DirtyDefination.h */,
				EA1F2EE3168F88F4009001EB /* MyZoomWidget.h */,
				EA1F2EE4168F88F4009001EB /* NekoDriver.h */,
			);
			name = "Header Files";
			sourceTree = "<group>";
		};
		EA1F2EDD168F87E4009001EB /* Source Files */ = {
			isa = PBXGroup;
			children = (
				EA95FAC8168FAC7E002AB5EA /* DbCentre.cpp */,
				EA95FAC0168F9610002AB5EA /* NekoDriverMem.cpp */,
				EA95FACA168FACF6002AB5EA /* NekoDriver.cpp */,
				EA95FACB168FACF6002AB5EA /* NekoDriverDebug.cpp */,
				EA95FACC168FACF6002AB5EA /* NekoDriverIO.cpp */,
				EA1F2EE5168F890C009001EB /* AddonFuncUnt.cpp */,
				EA95FAF8168FCFAE002AB5EA /* AddonFuncUntObjc.mm */,
			);
			name = "Source Files";
			sourceTree = "<group>";
		};
		EA77DB6C168F7194006B1C35 = {
			isa = PBXGroup;
			children = (
				EA77DB81168F7194006B1C35 /* Sim800 */,
				EA77DBA2168F7194006B1C35 /* Sim800Tests */,
				EA77DB7A168F7194006B1C35 /* Frameworks */,
				EA1F2ECA168F7D90009001EB /* libbz2.dylib */,
				EA1F2ECC168F7D9D009001EB /* libz.dylib */,
				EA1F2ED4168F7E56009001EB /* libQtCore.a */,
				EA1F2ED5168F7E56009001EB /* libQtGui.a */,
				EA1F2ED8168F7E70009001EB /* libquikitlite.a */,
				EA1F2ECE168F7DEE009001EB /* libQtCore_debug.a */,
				EA1F2ECF168F7DEE009001EB /* libQtGui_debug.a */,
				EA1F2ED2168F7E28009001EB /* libquikitlite_debug.a */,
				EA77DB78168F7194006B1C35 /* Products */,
			);
			sourceTree = "<group>";
		};
		EA77DB78168F7194006B1C35 /* Products */ = {
			isa = PBXGroup;
			children = (
				EA77DB77168F7194006B1C35 /* Sim800.app */,
				EA77DB9B168F7194006B1C35 /* Sim800Tests.octest */,
			);
			name = Products;
			sourceTree = "<group>";
		};
		EA77DB7A168F7194006B1C35 /* Frameworks */ = {
			isa = PBXGroup;
			children = (
				EA77DB7B168F7194006B1C35 /* UIKit.framework */,
				EA77DB7D168F7194006B1C35 /* Foundation.framework */,
				EA77DB7F168F7194006B1C35 /* CoreGraphics.framework */,
				EA77DB9C168F7194006B1C35 /* SenTestingKit.framework */,
				EA1F2EC6168F7D5C009001EB /* CoreText.framework */,
				EA1F2EC8168F7D65009001EB /* QuartzCore.framework */,
			);
			name = Frameworks;
			sourceTree = "<group>";
		};
		EA77DB81168F7194006B1C35 /* Sim800 */ = {
			isa = PBXGroup;
			children = (
				EA1F2EBF168F7B29009001EB /* Visual Studio */,
				EA1F2EBD168F7269009001EB /* UI Files */,
				EA1F2EBE168F7294009001EB /* Other Sources */,
				EA1F2EB6168F7244009001EB /* MainViewController_iPad.xib */,
				EA1F2EB8168F7244009001EB /* MainViewController_iPhone.xib */,
				EA95FAD7168FB676002AB5EA /* Resources */,
				EA77DB82168F7194006B1C35 /* Supporting Files */,
			);
			path = Sim800;
			sourceTree = "<group>";
		};
		EA77DB82168F7194006B1C35 /* Supporting Files */ = {
			isa = PBXGroup;
			children = (
				EA77DB83168F7194006B1C35 /* Sim800-Info.plist */,
				EA77DB84168F7194006B1C35 /* InfoPlist.strings */,
				EA77DB87168F7194006B1C35 /* main.mm */,
				EA77DB89168F7194006B1C35 /* Sim800-Prefix.pch */,
			);
			name = "Supporting Files";
			sourceTree = "<group>";
		};
		EA77DBA2168F7194006B1C35 /* Sim800Tests */ = {
			isa = PBXGroup;
			children = (
				EA77DBA8168F7194006B1C35 /* Sim800Tests.h */,
				EA77DBA9168F7194006B1C35 /* Sim800Tests.m */,
				EA77DBA3168F7194006B1C35 /* Supporting Files */,
			);
			path = Sim800Tests;
			sourceTree = "<group>";
		};
		EA77DBA3168F7194006B1C35 /* Supporting Files */ = {
			isa = PBXGroup;
			children = (
				EA77DBA4168F7194006B1C35 /* Sim800Tests-Info.plist */,
				EA77DBA5168F7194006B1C35 /* InfoPlist.strings */,
			);
			name = "Supporting Files";
			sourceTree = "<group>";
		};
		EA95FAD0168FB145002AB5EA /* Debug */ = {
			isa = PBXGroup;
			children = (
				EA95FAD3168FB22C002AB5EA /* moc_MainViewBridge.cpp */,
				EA95FAD1168FB1E8002AB5EA /* moc_NekoDriver.cpp */,
			);
			name = Debug;
			sourceTree = "<group>";
		};
		EA95FAD7168FB676002AB5EA /* Resources */ = {
			isa = PBXGroup;
			children = (
				EA95FAD8168FB6AD002AB5EA /* Icon-72.png */,
				EA95FAD9168FB6AD002AB5EA /* Icon-72@2x.png */,
				EA95FADA168FB6AD002AB5EA /* Icon-Small-50.png */,
				EA95FADB168FB6AD002AB5EA /* Icon-Small-50@2x.png */,
				EA95FADC168FB6AD002AB5EA /* Icon-Small.png */,
				EA95FADD168FB6AD002AB5EA /* Icon-Small@2x.png */,
				EA95FADE168FB6AD002AB5EA /* Icon.png */,
				EA95FADF168FB6AD002AB5EA /* Icon@2x.png */,
				EA95FAE0168FB6AD002AB5EA /* iTunesArtwork */,
				EA95FAF1168FBBD3002AB5EA /* Images */,
				EA95FAEA168FB7BF002AB5EA /* ROMs */,
			);
			name = Resources;
			sourceTree = "<group>";
		};
		EA95FAEA168FB7BF002AB5EA /* ROMs */ = {
			isa = PBXGroup;
			children = (
				EA95FAEB168FB7D9002AB5EA /* cc800.fls */,
				EA95FAEC168FB7D9002AB5EA /* ConfMachine.ini */,
				EA95FAED168FB7D9002AB5EA /* obj.bin */,
			);
			name = ROMs;
			sourceTree = "<group>";
		};
		EA95FAF1168FBBD3002AB5EA /* Images */ = {
			isa = PBXGroup;
			children = (
				EA95FAF2168FBBEE002AB5EA /* Apollo-nagato-avatar-15-3.jpg */,
			);
			name = Images;
			sourceTree = "<group>";
		};
/* End PBXGroup section */

/* Begin PBXNativeTarget section */
		EA77DB76168F7194006B1C35 /* Sim800 */ = {
			isa = PBXNativeTarget;
			buildConfigurationList = EA77DBAD168F7194006B1C35 /* Build configuration list for PBXNativeTarget "Sim800" */;
			buildPhases = (
				EA77DB73168F7194006B1C35 /* Sources */,
				EA77DB74168F7194006B1C35 /* Frameworks */,
				EA77DB75168F7194006B1C35 /* Resources */,
			);
			buildRules = (
			);
			dependencies = (
			);
			name = Sim800;
			productName = Sim800;
			productReference = EA77DB77168F7194006B1C35 /* Sim800.app */;
			productType = "com.apple.product-type.application";
		};
		EA77DB9A168F7194006B1C35 /* Sim800Tests */ = {
			isa = PBXNativeTarget;
			buildConfigurationList = EA77DBB0168F7194006B1C35 /* Build configuration list for PBXNativeTarget "Sim800Tests" */;
			buildPhases = (
				EA77DB96168F7194006B1C35 /* Sources */,
				EA77DB97168F7194006B1C35 /* Frameworks */,
				EA77DB98168F7194006B1C35 /* Resources */,
				EA77DB99168F7194006B1C35 /* ShellScript */,
			);
			buildRules = (
			);
			dependencies = (
				EA77DBA1168F7194006B1C35 /* PBXTargetDependency */,
			);
			name = Sim800Tests;
			productName = Sim800Tests;
			productReference = EA77DB9B168F7194006B1C35 /* Sim800Tests.octest */;
			productType = "com.apple.product-type.bundle";
		};
/* End PBXNativeTarget section */

/* Begin PBXProject section */
		EA77DB6E168F7194006B1C35 /* Project object */ = {
			isa = PBXProject;
			attributes = {
				LastUpgradeCheck = 0440;
				ORGANIZATIONNAME = banxian;
			};
			buildConfigurationList = EA77DB71168F7194006B1C35 /* Build configuration list for PBXProject "Sim800" */;
			compatibilityVersion = "Xcode 3.2";
			developmentRegion = English;
			hasScannedForEncodings = 0;
			knownRegions = (
				en,
			);
			mainGroup = EA77DB6C168F7194006B1C35;
			productRefGroup = EA77DB78168F7194006B1C35 /* Products */;
			projectDirPath = "";
			projectRoot = "";
			targets = (
				EA77DB76168F7194006B1C35 /* Sim800 */,
				EA77DB9A168F7194006B1C35 /* Sim800Tests */,
			);
		};
/* End PBXProject section */

/* Begin PBXResourcesBuildPhase section */
		EA77DB75168F7194006B1C35 /* Resources */ = {
			isa = PBXResourcesBuildPhase;
			buildActionMask = 2147483647;
			files = (
				EA77DB86168F7194006B1C35 /* InfoPlist.strings in Resources */,
				EA1F2EBA168F7244009001EB /* MainViewController_iPad.xib in Resources */,
				EA1F2EBB168F7244009001EB /* MainViewController_iPhone.xib in Resources */,
				EA95FAE1168FB6AD002AB5EA /* Icon-72.png in Resources */,
				EA95FAE2168FB6AD002AB5EA /* Icon-72@2x.png in Resources */,
				EA95FAE3168FB6AD002AB5EA /* Icon-Small-50.png in Resources */,
				EA95FAE4168FB6AD002AB5EA /* Icon-Small-50@2x.png in Resources */,
				EA95FAE5168FB6AD002AB5EA /* Icon-Small.png in Resources */,
				EA95FAE6168FB6AD002AB5EA /* Icon-Small@2x.png in Resources */,
				EA95FAE7168FB6AD002AB5EA /* Icon.png in Resources */,
				EA95FAE8168FB6AD002AB5EA /* Icon@2x.png in Resources */,
				EA95FAE9168FB6AD002AB5EA /* iTunesArtwork in Resources */,
				EA95FAEE168FB7D9002AB5EA /* cc800.fls in Resources */,
				EA95FAEF168FB7D9002AB5EA /* ConfMachine.ini in Resources */,
				EA95FAF0168FB7D9002AB5EA /* obj.bin in Resources */,
				EA95FAF3168FBBEE002AB5EA /* Apollo-nagato-avatar-15-3.jpg in Resources */,
			);
			runOnlyForDeploymentPostprocessing = 0;
		};
		EA77DB98168F7194006B1C35 /* Resources */ = {
			isa = PBXResourcesBuildPhase;
			buildActionMask = 2147483647;
			files = (
				EA77DBA7168F7194006B1C35 /* InfoPlist.strings in Resources */,
			);
			runOnlyForDeploymentPostprocessing = 0;
		};
/* End PBXResourcesBuildPhase section */

/* Begin PBXShellScriptBuildPhase section */
		EA77DB99168F7194006B1C35 /* ShellScript */ = {
			isa = PBXShellScriptBuildPhase;
			buildActionMask = 2147483647;
			files = (
			);
			inputPaths = (
			);
			outputPaths = (
			);
			runOnlyForDeploymentPostprocessing = 0;
			shellPath = /bin/sh;
			shellScript = "# Run the unit tests in this test bundle.\n\"${SYSTEM_DEVELOPER_DIR}/Tools/RunUnitTests\"\n";
		};
/* End PBXShellScriptBuildPhase section */

/* Begin PBXSourcesBuildPhase section */
		EA77DB73168F7194006B1C35 /* Sources */ = {
			isa = PBXSourcesBuildPhase;
			buildActionMask = 2147483647;
			files = (
				EA77DB88168F7194006B1C35 /* main.mm in Sources */,
				EA77DB8C168F7194006B1C35 /* AppDelegate.mm in Sources */,
				EA77DB8F168F7194006B1C35 /* MainViewController.mm in Sources */,
				EA1F2EC4168F7B3E009001EB /* 65C02.cpp in Sources */,
				EA1F2EC5168F7B3E009001EB /* 65C02CPU.c in Sources */,
				EA1F2EE6168F890C009001EB /* AddonFuncUnt.cpp in Sources */,
				EA95FAC1168F9610002AB5EA /* NekoDriverMem.cpp in Sources */,
				EA95FAC4168F9951002AB5EA /* MainViewBridge.mm in Sources */,
				EA95FAC7168FA3E5002AB5EA /* KeyItem.cpp in Sources */,
				EA95FAC9168FAC7E002AB5EA /* DbCentre.cpp in Sources */,
				EA95FACD168FACF6002AB5EA /* NekoDriver.cpp in Sources */,
				EA95FACE168FACF6002AB5EA /* NekoDriverDebug.cpp in Sources */,
				EA95FACF168FACF6002AB5EA /* NekoDriverIO.cpp in Sources */,
				EA95FAD2168FB1E8002AB5EA /* moc_NekoDriver.cpp in Sources */,
				EA95FAD4168FB22C002AB5EA /* moc_MainViewBridge.cpp in Sources */,
				EA95FAD6168FB236002AB5EA /* qrc_Sim800.cpp in Sources */,
				EA95FAF9168FCFAE002AB5EA /* AddonFuncUntObjc.mm in Sources */,
				EA662C9A16926A4A00152B91 /* w65c02cpu.cpp in Sources */,
				EA662C9B16926A4A00152B91 /* w65c02op.cpp in Sources */,
			);
			runOnlyForDeploymentPostprocessing = 0;
		};
		EA77DB96168F7194006B1C35 /* Sources */ = {
			isa = PBXSourcesBuildPhase;
			buildActionMask = 2147483647;
			files = (
				EA77DBAA168F7194006B1C35 /* Sim800Tests.m in Sources */,
			);
			runOnlyForDeploymentPostprocessing = 0;
		};
/* End PBXSourcesBuildPhase section */

/* Begin PBXTargetDependency section */
		EA77DBA1168F7194006B1C35 /* PBXTargetDependency */ = {
			isa = PBXTargetDependency;
			target = EA77DB76168F7194006B1C35 /* Sim800 */;
			targetProxy = EA77DBA0168F7194006B1C35 /* PBXContainerItemProxy */;
		};
/* End PBXTargetDependency section */

/* Begin PBXVariantGroup section */
		EA1F2EB6168F7244009001EB /* MainViewController_iPad.xib */ = {
			isa = PBXVariantGroup;
			children = (
				EA1F2EB7168F7244009001EB /* en */,
			);
			name = MainViewController_iPad.xib;
			sourceTree = "<group>";
		};
		EA1F2EB8168F7244009001EB /* MainViewController_iPhone.xib */ = {
			isa = PBXVariantGroup;
			children = (
				EA1F2EB9168F7244009001EB /* en */,
			);
			name = MainViewController_iPhone.xib;
			sourceTree = "<group>";
		};
		EA77DB84168F7194006B1C35 /* InfoPlist.strings */ = {
			isa = PBXVariantGroup;
			children = (
				EA77DB85168F7194006B1C35 /* en */,
			);
			name = InfoPlist.strings;
			sourceTree = "<group>";
		};
		EA77DBA5168F7194006B1C35 /* InfoPlist.strings */ = {
			isa = PBXVariantGroup;
			children = (
				EA77DBA6168F7194006B1C35 /* en */,
			);
			name = InfoPlist.strings;
			sourceTree = "<group>";
		};
/* End PBXVariantGroup section */

/* Begin XCBuildConfiguration section */
		EA77DBAB168F7194006B1C35 /* Debug */ = {
			isa = XCBuildConfiguration;
			buildSettings = {
				ALWAYS_SEARCH_USER_PATHS = NO;
				ARCHS = "$(ARCHS_STANDARD_32_BIT)";
				CLANG_CXX_LANGUAGE_STANDARD = "gnu++0x";
				CLANG_ENABLE_OBJC_ARC = YES;
				CLANG_WARN__DUPLICATE_METHOD_MATCH = YES;
				"CODE_SIGN_IDENTITY[sdk=iphoneos*]" = "iPhone Developer";
				COPY_PHASE_STRIP = NO;
				GCC_C_LANGUAGE_STANDARD = gnu99;
				GCC_DYNAMIC_NO_PIC = NO;
				GCC_OPTIMIZATION_LEVEL = 0;
				GCC_PREPROCESSOR_DEFINITIONS = (
					"DEBUG=1",
					"$(inherited)",
				);
				GCC_SYMBOLS_PRIVATE_EXTERN = NO;
				GCC_WARN_ABOUT_RETURN_TYPE = YES;
				GCC_WARN_UNINITIALIZED_AUTOS = YES;
				GCC_WARN_UNUSED_VARIABLE = YES;
				HEADER_SEARCH_PATHS = (
					"~/git/qtios/src/3rdparty",
					"~/git/qtios/mkspecs/common/ios",
					"~/CompileFarm/qt/qt-ios-4.8.1-clang-static/include",
					"~/CompileFarm/qt/qt-ios-4.8.1-clang-static/include/QtCore",
					"~/CompileFarm/qt/qt-ios-4.8.1-clang-static/include/QtGui",
				);
				"HEADER_SEARCH_PATHS[sdk=iphonesimulator*][arch=*]" = (
					"~/git/qtios/src/3rdparty",
					"~/git/qtios/mkspecs/common/ios",
					"~/CompileFarm/qt/qt-ios-sim-4.8.1-clang-static/include",
					"~/CompileFarm/qt/qt-ios-sim-4.8.1-clang-static/include/QtCore",
					"~/CompileFarm/qt/qt-ios-sim-4.8.1-clang-static/include/QtGui",
				);
				IPHONEOS_DEPLOYMENT_TARGET = 4.3;
				LIBRARY_SEARCH_PATHS = "~/CompileFarm/qt/qt-ios-sim-4.8.1-clang-static/lib";
				SDKROOT = iphoneos;
				TARGETED_DEVICE_FAMILY = "1,2";
			};
			name = Debug;
		};
		EA77DBAC168F7194006B1C35 /* Release */ = {
			isa = XCBuildConfiguration;
			buildSettings = {
				ALWAYS_SEARCH_USER_PATHS = NO;
				ARCHS = "$(ARCHS_STANDARD_32_BIT)";
				CLANG_CXX_LANGUAGE_STANDARD = "gnu++0x";
				CLANG_ENABLE_OBJC_ARC = YES;
				CLANG_WARN__DUPLICATE_METHOD_MATCH = YES;
				"CODE_SIGN_IDENTITY[sdk=iphoneos*]" = "iPhone Developer";
				COPY_PHASE_STRIP = YES;
				GCC_C_LANGUAGE_STANDARD = gnu99;
				GCC_PREPROCESSOR_DEFINITIONS = "NDEBUG=1";
				GCC_WARN_ABOUT_RETURN_TYPE = YES;
				GCC_WARN_UNINITIALIZED_AUTOS = YES;
				GCC_WARN_UNUSED_VARIABLE = YES;
				HEADER_SEARCH_PATHS = (
					"~/git/qtios/src/3rdparty",
					"~/git/qtios/mkspecs/common/ios",
					"~/CompileFarm/qt/qt-ios-4.8.1-clang-static/include",
					"~/CompileFarm/qt/qt-ios-4.8.1-clang-static/include/QtCore",
					"~/CompileFarm/qt/qt-ios-4.8.1-clang-static/include/QtGui",
				);
				"HEADER_SEARCH_PATHS[sdk=iphonesimulator*][arch=*]" = (
					"~/git/qtios/src/3rdparty",
					"~/git/qtios/mkspecs/common/ios",
					"~/CompileFarm/qt/qt-ios-sim-4.8.1-clang-static/include",
					"~/CompileFarm/qt/qt-ios-sim-4.8.1-clang-static/include/QtCore",
					"~/CompileFarm/qt/qt-ios-sim-4.8.1-clang-static/include/QtGui",
				);
				IPHONEOS_DEPLOYMENT_TARGET = 4.3;
				LIBRARY_SEARCH_PATHS = "~/CompileFarm/qt/qt-ios-4.8.1-clang-static/lib";
				OTHER_CFLAGS = "-DNS_BLOCK_ASSERTIONS=1";
				SDKROOT = iphoneos;
				TARGETED_DEVICE_FAMILY = "1,2";
				VALIDATE_PRODUCT = YES;
			};
			name = Release;
		};
		EA77DBAE168F7194006B1C35 /* Debug */ = {
			isa = XCBuildConfiguration;
			buildSettings = {
				GCC_PRECOMPILE_PREFIX_HEADER = YES;
				GCC_PREFIX_HEADER = "Sim800/Sim800-Prefix.pch";
				INFOPLIST_FILE = "Sim800/Sim800-Info.plist";
				LIBRARY_SEARCH_PATHS = (
					"$(inherited)",
					"\"$(SRCROOT)/../../CompileFarm/qt/qt-ios-sim-4.8.1-clang-static/lib\"",
					"\"$(SRCROOT)/../../CompileFarm/qt/qt-ios-sim-4.8.1-clang-static/plugins/platforms\"",
					"\"$(SRCROOT)/../../CompileFarm/qt/qt-ios-4.8.1-clang-static/lib\"",
					"\"$(SRCROOT)/../../CompileFarm/qt/qt-ios-4.8.1-clang-static/plugins/platforms\"",
				);
				PRODUCT_NAME = "$(TARGET_NAME)";
				WRAPPER_EXTENSION = app;
			};
			name = Debug;
		};
		EA77DBAF168F7194006B1C35 /* Release */ = {
			isa = XCBuildConfiguration;
			buildSettings = {
				GCC_PRECOMPILE_PREFIX_HEADER = YES;
				GCC_PREFIX_HEADER = "Sim800/Sim800-Prefix.pch";
				INFOPLIST_FILE = "Sim800/Sim800-Info.plist";
				LIBRARY_SEARCH_PATHS = (
					"$(inherited)",
					"\"$(SRCROOT)/../../CompileFarm/qt/qt-ios-sim-4.8.1-clang-static/lib\"",
					"\"$(SRCROOT)/../../CompileFarm/qt/qt-ios-sim-4.8.1-clang-static/plugins/platforms\"",
					"\"$(SRCROOT)/../../CompileFarm/qt/qt-ios-4.8.1-clang-static/lib\"",
					"\"$(SRCROOT)/../../CompileFarm/qt/qt-ios-4.8.1-clang-static/plugins/platforms\"",
				);
				PRODUCT_NAME = "$(TARGET_NAME)";
				WRAPPER_EXTENSION = app;
			};
			name = Release;
		};
		EA77DBB1168F7194006B1C35 /* Debug */ = {
			isa = XCBuildConfiguration;
			buildSettings = {
				BUNDLE_LOADER = "$(BUILT_PRODUCTS_DIR)/Sim800.app/Sim800";
				FRAMEWORK_SEARCH_PATHS = (
					"\"$(SDKROOT)/Developer/Library/Frameworks\"",
					"\"$(DEVELOPER_LIBRARY_DIR)/Frameworks\"",
				);
				GCC_PRECOMPILE_PREFIX_HEADER = YES;
				GCC_PREFIX_HEADER = "Sim800/Sim800-Prefix.pch";
				INFOPLIST_FILE = "Sim800Tests/Sim800Tests-Info.plist";
				PRODUCT_NAME = "$(TARGET_NAME)";
				TEST_HOST = "$(BUNDLE_LOADER)";
				WRAPPER_EXTENSION = octest;
			};
			name = Debug;
		};
		EA77DBB2168F7194006B1C35 /* Release */ = {
			isa = XCBuildConfiguration;
			buildSettings = {
				BUNDLE_LOADER = "$(BUILT_PRODUCTS_DIR)/Sim800.app/Sim800";
				FRAMEWORK_SEARCH_PATHS = (
					"\"$(SDKROOT)/Developer/Library/Frameworks\"",
					"\"$(DEVELOPER_LIBRARY_DIR)/Frameworks\"",
				);
				GCC_PRECOMPILE_PREFIX_HEADER = YES;
				GCC_PREFIX_HEADER = "Sim800/Sim800-Prefix.pch";
				INFOPLIST_FILE = "Sim800Tests/Sim800Tests-Info.plist";
				PRODUCT_NAME = "$(TARGET_NAME)";
				TEST_HOST = "$(BUNDLE_LOADER)";
				WRAPPER_EXTENSION = octest;
			};
			name = Release;
		};
		EA95FAF4168FC82A002AB5EA /* Shipping */ = {
			isa = XCBuildConfiguration;
			buildSettings = {
				ALWAYS_SEARCH_USER_PATHS = NO;
				ARCHS = "$(ARCHS_STANDARD_32_BIT)";
				CLANG_CXX_LANGUAGE_STANDARD = "gnu++0x";
				CLANG_ENABLE_OBJC_ARC = YES;
				CLANG_WARN__DUPLICATE_METHOD_MATCH = YES;
				"CODE_SIGN_IDENTITY[sdk=iphoneos*]" = "iPhone Developer";
				COPY_PHASE_STRIP = YES;
				GCC_C_LANGUAGE_STANDARD = gnu99;
				GCC_PREPROCESSOR_DEFINITIONS = (
					"NDEBUG=1",
					"SHIP_BUILD=1",
					QT_NO_DEBUG_OUTPUT,
					HANDYPSP,
					FAKENMI,
					_AUTOTEST,
					_LOGASM,
				);
				GCC_WARN_ABOUT_RETURN_TYPE = YES;
				GCC_WARN_UNINITIALIZED_AUTOS = YES;
				GCC_WARN_UNUSED_VARIABLE = YES;
				HEADER_SEARCH_PATHS = (
					"~/git/qtios/src/3rdparty",
					"~/git/qtios/mkspecs/common/ios",
					"~/CompileFarm/qt/qt-ios-4.8.1-clang-static/include",
					"~/CompileFarm/qt/qt-ios-4.8.1-clang-static/include/QtCore",
					"~/CompileFarm/qt/qt-ios-4.8.1-clang-static/include/QtGui",
				);
				"HEADER_SEARCH_PATHS[sdk=iphonesimulator*][arch=*]" = (
					"~/git/qtios/src/3rdparty",
					"~/git/qtios/mkspecs/common/ios",
					"~/CompileFarm/qt/qt-ios-sim-4.8.1-clang-static/include",
					"~/CompileFarm/qt/qt-ios-sim-4.8.1-clang-static/include/QtCore",
					"~/CompileFarm/qt/qt-ios-sim-4.8.1-clang-static/include/QtGui",
				);
				IPHONEOS_DEPLOYMENT_TARGET = 4.3;
				LIBRARY_SEARCH_PATHS = "~/CompileFarm/qt/qt-ios-4.8.1-clang-static/lib";
				OTHER_CFLAGS = "-DNS_BLOCK_ASSERTIONS=1";
				SDKROOT = iphoneos;
				TARGETED_DEVICE_FAMILY = "1,2";
				VALIDATE_PRODUCT = YES;
			};
			name = Shipping;
		};
		EA95FAF5168FC82A002AB5EA /* Shipping */ = {
			isa = XCBuildConfiguration;
			buildSettings = {
				GCC_PRECOMPILE_PREFIX_HEADER = YES;
				GCC_PREFIX_HEADER = "Sim800/Sim800-Prefix.pch";
				INFOPLIST_FILE = "Sim800/Sim800-Info.plist";
				LIBRARY_SEARCH_PATHS = (
					"$(inherited)",
					"\"$(SRCROOT)/../../CompileFarm/qt/qt-ios-sim-4.8.1-clang-static/lib\"",
					"\"$(SRCROOT)/../../CompileFarm/qt/qt-ios-sim-4.8.1-clang-static/plugins/platforms\"",
					"\"$(SRCROOT)/../../CompileFarm/qt/qt-ios-4.8.1-clang-static/lib\"",
					"\"$(SRCROOT)/../../CompileFarm/qt/qt-ios-4.8.1-clang-static/plugins/platforms\"",
				);
				PRODUCT_NAME = "$(TARGET_NAME)";
				WRAPPER_EXTENSION = app;
			};
			name = Shipping;
		};
		EA95FAF6168FC82A002AB5EA /* Shipping */ = {
			isa = XCBuildConfiguration;
			buildSettings = {
				BUNDLE_LOADER = "$(BUILT_PRODUCTS_DIR)/Sim800.app/Sim800";
				FRAMEWORK_SEARCH_PATHS = (
					"\"$(SDKROOT)/Developer/Library/Frameworks\"",
					"\"$(DEVELOPER_LIBRARY_DIR)/Frameworks\"",
				);
				GCC_PRECOMPILE_PREFIX_HEADER = YES;
				GCC_PREFIX_HEADER = "Sim800/Sim800-Prefix.pch";
				INFOPLIST_FILE = "Sim800Tests/Sim800Tests-Info.plist";
				PRODUCT_NAME = "$(TARGET_NAME)";
				TEST_HOST = "$(BUNDLE_LOADER)";
				WRAPPER_EXTENSION = octest;
			};
			name = Shipping;
		};
/* End XCBuildConfiguration section */

/* Begin XCConfigurationList section */
		EA77DB71168F7194006B1C35 /* Build configuration list for PBXProject "Sim800" */ = {
			isa = XCConfigurationList;
			buildConfigurations = (
				EA77DBAB168F7194006B1C35 /* Debug */,
				EA77DBAC168F7194006B1C35 /* Release */,
				EA95FAF4168FC82A002AB5EA /* Shipping */,
			);
			defaultConfigurationIsVisible = 0;
			defaultConfigurationName = Release;
		};
		EA77DBAD168F7194006B1C35 /* Build configuration list for PBXNativeTarget "Sim800" */ = {
			isa = XCConfigurationList;
			buildConfigurations = (
				EA77DBAE168F7194006B1C35 /* Debug */,
				EA77DBAF168F7194006B1C35 /* Release */,
				EA95FAF5168FC82A002AB5EA /* Shipping */,
			);
			defaultConfigurationIsVisible = 0;
			defaultConfigurationName = Release;
		};
		EA77DBB0168F7194006B1C35 /* Build configuration list for PBXNativeTarget "Sim800Tests" */ = {
			isa = XCConfigurationList;
			buildConfigurations = (
				EA77DBB1168F7194006B1C35 /* Debug */,
				EA77DBB2168F7194006B1C35 /* Release */,
				EA95FAF6168FC82A002AB5EA /* Shipping */,
			);
			defaultConfigurationIsVisible = 0;
			defaultConfigurationName = Release;
		};
/* End XCConfigurationList section */
	};
	rootObject = EA77DB6E168F7194006B1C35 /* Project object */;
}
